// !$*UTF8*$!
{
	archiveVersion = 1;
	classes = {
	};
	objectVersion = 46;
	objects = {

/* Begin PBXBuildFile section */
		2F7D870B1F53AFC2006F5123 /* main.cpp in Sources */ = {isa = PBXBuildFile; fileRef = 2F7D870A1F53AFC2006F5123 /* main.cpp */; };
		2F7D87181F53D323006F5123 /* Lexico.cpp in Sources */ = {isa = PBXBuildFile; fileRef = 2F7D87161F53D323006F5123 /* Lexico.cpp */; };
		2FF91E3A1F5E118200B039AA /* Pila.cpp in Sources */ = {isa = PBXBuildFile; fileRef = 2FF91E381F5E118200B039AA /* Pila.cpp */; };
/* End PBXBuildFile section */

/* Begin PBXCopyFilesBuildPhase section */
		2F7D87051F53AFC2006F5123 /* CopyFiles */ = {
			isa = PBXCopyFilesBuildPhase;
			buildActionMask = 2147483647;
			dstPath = /usr/share/man/man1/;
			dstSubfolderSpec = 0;
			files = (
			);
			runOnlyForDeploymentPostprocessing = 1;
		};
/* End PBXCopyFilesBuildPhase section */

/* Begin PBXFileReference section */
		2F4D9C9B1FCB52B90098B77C /* arbol.h */ = {isa = PBXFileReference; lastKnownFileType = sourcecode.c.h; path = arbol.h; sourceTree = "<group>"; };
		2F4D9C9C1FCB784C0098B77C /* simbolo.h */ = {isa = PBXFileReference; fileEncoding = 4; lastKnownFileType = sourcecode.c.h; path = simbolo.h; sourceTree = "<group>"; };
		2F4D9C9D1FCB869F0098B77C /* tabla.h */ = {isa = PBXFileReference; fileEncoding = 4; lastKnownFileType = sourcecode.c.h; path = tabla.h; sourceTree = "<group>"; };
		2F7D87071F53AFC2006F5123 /* compilador */ = {isa = PBXFileReference; explicitFileType = "compiled.mach-o.executable"; includeInIndex = 0; path = compilador; sourceTree = BUILT_PRODUCTS_DIR; };
		2F7D870A1F53AFC2006F5123 /* main.cpp */ = {isa = PBXFileReference; lastKnownFileType = sourcecode.cpp.cpp; path = main.cpp; sourceTree = "<group>"; };
		2F7D87161F53D323006F5123 /* Lexico.cpp */ = {isa = PBXFileReference; fileEncoding = 4; lastKnownFileType = sourcecode.cpp.cpp; path = Lexico.cpp; sourceTree = "<group>"; };
		2F7D87171F53D323006F5123 /* Lexico.h */ = {isa = PBXFileReference; fileEncoding = 4; lastKnownFileType = sourcecode.c.h; path = Lexico.h; sourceTree = "<group>"; };
		2FF91E381F5E118200B039AA /* Pila.cpp */ = {isa = PBXFileReference; fileEncoding = 4; lastKnownFileType = sourcecode.cpp.cpp; path = Pila.cpp; sourceTree = "<group>"; };
		2FF91E391F5E118200B039AA /* Pila.h */ = {isa = PBXFileReference; fileEncoding = 4; lastKnownFileType = sourcecode.c.h; path = Pila.h; sourceTree = "<group>"; wrapsLines = 1; };
/* End PBXFileReference section */

/* Begin PBXFrameworksBuildPhase section */
		2F7D87041F53AFC2006F5123 /* Frameworks */ = {
			isa = PBXFrameworksBuildPhase;
			buildActionMask = 2147483647;
			files = (
			);
			runOnlyForDeploymentPostprocessing = 0;
		};
/* End PBXFrameworksBuildPhase section */

/* Begin PBXGroup section */
		2F7D86FE1F53AFC2006F5123 = {
			isa = PBXGroup;
			children = (
				2F4D9C9B1FCB52B90098B77C /* arbol.h */,
				2FF91E381F5E118200B039AA /* Pila.cpp */,
				2F4D9C9C1FCB784C0098B77C /* simbolo.h */,
				2F4D9C9D1FCB869F0098B77C /* tabla.h */,
				2FF91E391F5E118200B039AA /* Pila.h */,
				2F7D87161F53D323006F5123 /* Lexico.cpp */,
				2F7D87171F53D323006F5123 /* Lexico.h */,
				2F7D87091F53AFC2006F5123 /* compilador */,
				2F7D87081F53AFC2006F5123 /* Products */,
			);
			sourceTree = "<group>";
		};
		2F7D87081F53AFC2006F5123 /* Products */ = {
			isa = PBXGroup;
			children = (
				2F7D87071F53AFC2006F5123 /* compilador */,
			);
			name = Products;
			sourceTree = "<group>";
		};
		2F7D87091F53AFC2006F5123 /* compilador */ = {
			isa = PBXGroup;
			children = (
				2F7D870A1F53AFC2006F5123 /* main.cpp */,
			);
			path = compilador;
			sourceTree = "<group>";
		};
/* End PBXGroup section */

/* Begin PBXNativeTarget section */
		2F7D87061F53AFC2006F5123 /* compilador */ = {
			isa = PBXNativeTarget;
			buildConfigurationList = 2F7D870E1F53AFC2006F5123 /* Build configuration list for PBXNativeTarget "compilador" */;
			buildPhases = (
				2F7D87031F53AFC2006F5123 /* Sources */,
				2F7D87041F53AFC2006F5123 /* Frameworks */,
				2F7D87051F53AFC2006F5123 /* CopyFiles */,
			);
			buildRules = (
			);
			dependencies = (
			);
			name = compilador;
			productName = compilador;
			productReference = 2F7D87071F53AFC2006F5123 /* compilador */;
			productType = "com.apple.product-type.tool";
		};
/* End PBXNativeTarget section */

/* Begin PBXProject section */
		2F7D86FF1F53AFC2006F5123 /* Project object */ = {
			isa = PBXProject;
			attributes = {
				LastUpgradeCheck = 0830;
				ORGANIZATIONNAME = "Carlos Raygoza";
				TargetAttributes = {
					2F7D87061F53AFC2006F5123 = {
						CreatedOnToolsVersion = 8.3.3;
						ProvisioningStyle = Automatic;
					};
				};
			};
			buildConfigurationList = 2F7D87021F53AFC2006F5123 /* Build configuration list for PBXProject "compilador" */;
			compatibilityVersion = "Xcode 3.2";
			developmentRegion = English;
			hasScannedForEncodings = 0;
			knownRegions = (
				en,
			);
			mainGroup = 2F7D86FE1F53AFC2006F5123;
			productRefGroup = 2F7D87081F53AFC2006F5123 /* Products */;
			projectDirPath = "";
			projectRoot = "";
			targets = (
				2F7D87061F53AFC2006F5123 /* compilador */,
			);
		};
/* End PBXProject section */

/* Begin PBXSourcesBuildPhase section */
		2F7D87031F53AFC2006F5123 /* Sources */ = {
			isa = PBXSourcesBuildPhase;
			buildActionMask = 2147483647;
			files = (
				2FF91E3A1F5E118200B039AA /* Pila.cpp in Sources */,
				2F7D870B1F53AFC2006F5123 /* main.cpp in Sources */,
				2F7D87181F53D323006F5123 /* Lexico.cpp in Sources */,
			);
			runOnlyForDeploymentPostprocessing = 0;
		};
/* End PBXSourcesBuildPhase section */

/* Begin XCBuildConfiguration section */
		2F7D870C1F53AFC2006F5123 /* Debug */ = {
			isa = XCBuildConfiguration;
			buildSettings = {
				ALWAYS_SEARCH_USER_PATHS = NO;
				CLANG_ANALYZER_NONNULL = YES;
				CLANG_ANALYZER_NUMBER_OBJECT_CONVERSION = YES_AGGRESSIVE;
				CLANG_CXX_LANGUAGE_STANDARD = "gnu++0x";
				CLANG_CXX_LIBRARY = "libc++";
				CLANG_ENABLE_MODULES = YES;
				CLANG_ENABLE_OBJC_ARC = YES;
				CLANG_WARN_BOOL_CONVERSION = YES;
				CLANG_WARN_CONSTANT_CONVERSION = YES;
				CLANG_WARN_DIRECT_OBJC_ISA_USAGE = YES_ERROR;
				CLANG_WARN_DOCUMENTATION_COMMENTS = YES;
				CLANG_WARN_EMPTY_BODY = YES;
				CLANG_WARN_ENUM_CONVERSION = YES;
				CLANG_WARN_INFINITE_RECURSION = YES;
				CLANG_WARN_INT_CONVERSION = YES;
				CLANG_WARN_OBJC_ROOT_CLASS = YES_ERROR;
				CLANG_WARN_SUSPICIOUS_MOVE = YES;
				CLANG_WARN_UNREACHABLE_CODE = YES;
				CLANG_WARN__DUPLICATE_METHOD_MATCH = YES;
				CODE_SIGN_IDENTITY = "-";
				COPY_PHASE_STRIP = NO;
				DEBUG_INFORMATION_FORMAT = dwarf;
				ENABLE_STRICT_OBJC_MSGSEND = YES;
				ENABLE_TESTABILITY = YES;
				GCC_C_LANGUAGE_STANDARD = gnu99;
				GCC_DYNAMIC_NO_PIC = NO;
				GCC_NO_COMMON_BLOCKS = YES;
				GCC_OPTIMIZATION_LEVEL = 0;
				GCC_PREPROCESSOR_DEFINITIONS = (
					"DEBUG=1",
					"$(inherited)",
				);
				GCC_WARN_64_TO_32_BIT_CONVERSION = YES;
				GCC_WARN_ABOUT_RETURN_TYPE = YES_ERROR;
				GCC_WARN_UNDECLARED_SELECTOR = YES;
				GCC_WARN_UNINITIALIZED_AUTOS = YES_AGGRESSIVE;
				GCC_WARN_UNUSED_FUNCTION = YES;
				GCC_WARN_UNUSED_VARIABLE = YES;
				MACOSX_DEPLOYMENT_TARGET = 10.12;
				MTL_ENABLE_DEBUG_INFO = YES;
				ONLY_ACTIVE_ARCH = YES;
				SDKROOT = macosx;
			};
			name = Debug;
		};
		2F7D870D1F53AFC2006F5123 /* Release */ = {
			isa = XCBuildConfiguration;
			buildSettings = {
				ALWAYS_SEARCH_USER_PATHS = NO;
				CLANG_ANALYZER_NONNULL = YES;
				CLANG_ANALYZER_NUMBER_OBJECT_CONVERSION = YES_AGGRESSIVE;
				CLANG_CXX_LANGUAGE_STANDARD = "gnu++0x";
				CLANG_CXX_LIBRARY = "libc++";
				CLANG_ENABLE_MODULES = YES;
				CLANG_ENABLE_OBJC_ARC = YES;
				CLANG_WARN_BOOL_CONVERSION = YES;
				CLANG_WARN_CONSTANT_CONVERSION = YES;
				CLANG_WARN_DIRECT_OBJC_ISA_USAGE = YES_ERROR;
				CLANG_WARN_DOCUMENTATION_COMMENTS = YES;
				CLANG_WARN_EMPTY_BODY = YES;
				CLANG_WARN_ENUM_CONVERSION = YES;
				CLANG_WARN_INFINITE_RECURSION = YES;
				CLANG_WARN_INT_CONVERSION = YES;
				CLANG_WARN_OBJC_ROOT_CLASS = YES_ERROR;
				CLANG_WARN_SUSPICIOUS_MOVE = YES;
				CLANG_WARN_UNREACHABLE_CODE = YES;
				CLANG_WARN__DUPLICATE_METHOD_MATCH = YES;
				CODE_SIGN_IDENTITY = "-";
				COPY_PHASE_STRIP = NO;
				DEBUG_INFORMATION_FORMAT = "dwarf-with-dsym";
				ENABLE_NS_ASSERTIONS = NO;
				ENABLE_STRICT_OBJC_MSGSEND = YES;
				GCC_C_LANGUAGE_STANDARD = gnu99;
				GCC_NO_COMMON_BLOCKS = YES;
				GCC_WARN_64_TO_32_BIT_CONVERSION = YES;
				GCC_WARN_ABOUT_RETURN_TYPE = YES_ERROR;
				GCC_WARN_UNDECLARED_SELECTOR = YES;
				GCC_WARN_UNINITIALIZED_AUTOS = YES_AGGRESSIVE;
				GCC_WARN_UNUSED_FUNCTION = YES;
				GCC_WARN_UNUSED_VARIABLE = YES;
				MACOSX_DEPLOYMENT_TARGET = 10.12;
				MTL_ENABLE_DEBUG_INFO = NO;
				SDKROOT = macosx;
			};
			name = Release;
		};
		2F7D870F1F53AFC2006F5123 /* Debug */ = {
			isa = XCBuildConfiguration;
			buildSettings = {
				PRODUCT_NAME = "$(TARGET_NAME)";
			};
			name = Debug;
		};
		2F7D87101F53AFC2006F5123 /* Release */ = {
			isa = XCBuildConfiguration;
			buildSettings = {
				PRODUCT_NAME = "$(TARGET_NAME)";
			};
			name = Release;
		};
/* End XCBuildConfiguration section */

/* Begin XCConfigurationList section */
		2F7D87021F53AFC2006F5123 /* Build configuration list for PBXProject "compilador" */ = {
			isa = XCConfigurationList;
			buildConfigurations = (
				2F7D870C1F53AFC2006F5123 /* Debug */,
				2F7D870D1F53AFC2006F5123 /* Release */,
			);
			defaultConfigurationIsVisible = 0;
			defaultConfigurationName = Release;
		};
		2F7D870E1F53AFC2006F5123 /* Build configuration list for PBXNativeTarget "compilador" */ = {
			isa = XCConfigurationList;
			buildConfigurations = (
				2F7D870F1F53AFC2006F5123 /* Debug */,
				2F7D87101F53AFC2006F5123 /* Release */,
			);
			defaultConfigurationIsVisible = 0;
			defaultConfigurationName = Release;
		};
/* End XCConfigurationList section */
	};
	rootObject = 2F7D86FF1F53AFC2006F5123 /* Project object */;
}
